
Microsoft Visual Studio Solution File, Format Version 12.00
# Visual Studio 15
VisualStudioVersion = 15.0.27428.1
MinimumVisualStudioVersion = 10.0.40219.1
Project("{FAE04EC0-301F-11D3-BF4B-00C04F79EFBC}") = "Library", "Library\Library.csproj", "{6C795DB7-58A3-42B9-94E1-61BDA20EE051}"
EndProject
Project("{9A19103F-16F7-4668-BE54-9A1E7A4F7556}") = "Task_1.1", "Task_1.1\Task_1.1.csproj", "{63D8ACC2-B9A3-4C4B-8C8A-6EAEF990AFF7}"
EndProject
Project("{9A19103F-16F7-4668-BE54-9A1E7A4F7556}") = "Task_1.2", "Task_1.2\Task_1.2.csproj", "{CEFFB67A-96C6-44C0-A308-D2AF81E53E90}"
EndProject
Project("{9A19103F-16F7-4668-BE54-9A1E7A4F7556}") = "Task_1.3", "Task_1.3\Task_1.3.csproj", "{FAEB7013-B9E2-48B7-8AF1-F04076752F72}"
EndProject
Project("{9A19103F-16F7-4668-BE54-9A1E7A4F7556}") = "Task_1.4", "Task_1.4\Task_1.4.csproj", "{EC0AAE97-EB5F-4D2E-9581-776EB37CF25B}"
EndProject
Project("{FAE04EC0-301F-11D3-BF4B-00C04F79EFBC}") = "Task_1.5", "Task_1.5\Task_1.5.csproj", "{BFF0554F-4718-4324-9E64-30E1CA9D07A0}"
EndProject
Project("{FAE04EC0-301F-11D3-BF4B-00C04F79EFBC}") = "BettingPlatformEmulatorTest", "BettingPlatformEmulatorTest\BettingPlatformEmulatorTest.csproj", "{8576DF9D-485A-446C-85CA-F89AC6811FB6}"
EndProject
Project("{FAE04EC0-301F-11D3-BF4B-00C04F79EFBC}") = "Task_2.1", "Task_2.1\Task_2.1.csproj", "{B6CA743C-440F-4FCF-A862-A4CC19ACA3B2}"
EndProject
Project("{FAE04EC0-301F-11D3-BF4B-00C04F79EFBC}") = "Task_3.1", "Task_3.1\Task_3.1.csproj", "{CD2248A5-7871-487B-88B9-95A513CDA3CE}"
EndProject
Project("{FAE04EC0-301F-11D3-BF4B-00C04F79EFBC}") = "Task_3.2", "Task_3.2\Task_3.2.csproj", "{26F80693-19F4-4F91-8858-E08E3878F770}"
EndProject
Project("{FAE04EC0-301F-11D3-BF4B-00C04F79EFBC}") = "Task_4.1", "Task_4.1\Task_4.1.csproj", "{5E129A25-93DB-4285-8D8B-3130B6FD1E11}"
EndProject
Project("{FAE04EC0-301F-11D3-BF4B-00C04F79EFBC}") = "Task_4.2", "Task_4.2\Task_4.2.csproj", "{4D544C33-D2B9-451A-9CFA-B7F58A208D4E}"
EndProject
Global
	GlobalSection(SolutionConfigurationPlatforms) = preSolution
		Debug|Any CPU = Debug|Any CPU
		Release|Any CPU = Release|Any CPU
	EndGlobalSection
	GlobalSection(ProjectConfigurationPlatforms) = postSolution
		{6C795DB7-58A3-42B9-94E1-61BDA20EE051}.Debug|Any CPU.ActiveCfg = Debug|Any CPU
		{6C795DB7-58A3-42B9-94E1-61BDA20EE051}.Debug|Any CPU.Build.0 = Debug|Any CPU
		{6C795DB7-58A3-42B9-94E1-61BDA20EE051}.Release|Any CPU.ActiveCfg = Release|Any CPU
		{6C795DB7-58A3-42B9-94E1-61BDA20EE051}.Release|Any CPU.Build.0 = Release|Any CPU
		{63D8ACC2-B9A3-4C4B-8C8A-6EAEF990AFF7}.Debug|Any CPU.ActiveCfg = Debug|Any CPU
		{63D8ACC2-B9A3-4C4B-8C8A-6EAEF990AFF7}.Debug|Any CPU.Build.0 = Debug|Any CPU
		{63D8ACC2-B9A3-4C4B-8C8A-6EAEF990AFF7}.Release|Any CPU.ActiveCfg = Release|Any CPU
		{63D8ACC2-B9A3-4C4B-8C8A-6EAEF990AFF7}.Release|Any CPU.Build.0 = Release|Any CPU
		{CEFFB67A-96C6-44C0-A308-D2AF81E53E90}.Debug|Any CPU.ActiveCfg = Debug|Any CPU
		{CEFFB67A-96C6-44C0-A308-D2AF81E53E90}.Debug|Any CPU.Build.0 = Debug|Any CPU
		{CEFFB67A-96C6-44C0-A308-D2AF81E53E90}.Release|Any CPU.ActiveCfg = Release|Any CPU
		{CEFFB67A-96C6-44C0-A308-D2AF81E53E90}.Release|Any CPU.Build.0 = Release|Any CPU
		{FAEB7013-B9E2-48B7-8AF1-F04076752F72}.Debug|Any CPU.ActiveCfg = Debug|Any CPU
		{FAEB7013-B9E2-48B7-8AF1-F04076752F72}.Debug|Any CPU.Build.0 = Debug|Any CPU
		{FAEB7013-B9E2-48B7-8AF1-F04076752F72}.Release|Any CPU.ActiveCfg = Release|Any CPU
		{FAEB7013-B9E2-48B7-8AF1-F04076752F72}.Release|Any CPU.Build.0 = Release|Any CPU
		{EC0AAE97-EB5F-4D2E-9581-776EB37CF25B}.Debug|Any CPU.ActiveCfg = Debug|Any CPU
		{EC0AAE97-EB5F-4D2E-9581-776EB37CF25B}.Debug|Any CPU.Build.0 = Debug|Any CPU
		{EC0AAE97-EB5F-4D2E-9581-776EB37CF25B}.Release|Any CPU.ActiveCfg = Release|Any CPU
		{EC0AAE97-EB5F-4D2E-9581-776EB37CF25B}.Release|Any CPU.Build.0 = Release|Any CPU
		{BFF0554F-4718-4324-9E64-30E1CA9D07A0}.Debug|Any CPU.ActiveCfg = Debug|Any CPU
		{BFF0554F-4718-4324-9E64-30E1CA9D07A0}.Debug|Any CPU.Build.0 = Debug|Any CPU
		{BFF0554F-4718-4324-9E64-30E1CA9D07A0}.Release|Any CPU.ActiveCfg = Release|Any CPU
		{BFF0554F-4718-4324-9E64-30E1CA9D07A0}.Release|Any CPU.Build.0 = Release|Any CPU
		{8576DF9D-485A-446C-85CA-F89AC6811FB6}.Debug|Any CPU.ActiveCfg = Debug|Any CPU
		{8576DF9D-485A-446C-85CA-F89AC6811FB6}.Debug|Any CPU.Build.0 = Debug|Any CPU
		{8576DF9D-485A-446C-85CA-F89AC6811FB6}.Release|Any CPU.ActiveCfg = Release|Any CPU
		{8576DF9D-485A-446C-85CA-F89AC6811FB6}.Release|Any CPU.Build.0 = Release|Any CPU
		{B6CA743C-440F-4FCF-A862-A4CC19ACA3B2}.Debug|Any CPU.ActiveCfg = Debug|Any CPU
		{B6CA743C-440F-4FCF-A862-A4CC19ACA3B2}.Debug|Any CPU.Build.0 = Debug|Any CPU
		{B6CA743C-440F-4FCF-A862-A4CC19ACA3B2}.Release|Any CPU.ActiveCfg = Release|Any CPU
		{B6CA743C-440F-4FCF-A862-A4CC19ACA3B2}.Release|Any CPU.Build.0 = Release|Any CPU
		{CD2248A5-7871-487B-88B9-95A513CDA3CE}.Debug|Any CPU.ActiveCfg = Debug|Any CPU
		{CD2248A5-7871-487B-88B9-95A513CDA3CE}.Debug|Any CPU.Build.0 = Debug|Any CPU
		{CD2248A5-7871-487B-88B9-95A513CDA3CE}.Release|Any CPU.ActiveCfg = Release|Any CPU
		{CD2248A5-7871-487B-88B9-95A513CDA3CE}.Release|Any CPU.Build.0 = Release|Any CPU
		{26F80693-19F4-4F91-8858-E08E3878F770}.Debug|Any CPU.ActiveCfg = Debug|Any CPU
		{26F80693-19F4-4F91-8858-E08E3878F770}.Debug|Any CPU.Build.0 = Debug|Any CPU
		{26F80693-19F4-4F91-8858-E08E3878F770}.Release|Any CPU.ActiveCfg = Release|Any CPU
		{26F80693-19F4-4F91-8858-E08E3878F770}.Release|Any CPU.Build.0 = Release|Any CPU
		{5E129A25-93DB-4285-8D8B-3130B6FD1E11}.Debug|Any CPU.ActiveCfg = Debug|Any CPU
		{5E129A25-93DB-4285-8D8B-3130B6FD1E11}.Debug|Any CPU.Build.0 = Debug|Any CPU
		{5E129A25-93DB-4285-8D8B-3130B6FD1E11}.Release|Any CPU.ActiveCfg = Release|Any CPU
		{5E129A25-93DB-4285-8D8B-3130B6FD1E11}.Release|Any CPU.Build.0 = Release|Any CPU
		{4D544C33-D2B9-451A-9CFA-B7F58A208D4E}.Debug|Any CPU.ActiveCfg = Debug|Any CPU
		{4D544C33-D2B9-451A-9CFA-B7F58A208D4E}.Debug|Any CPU.Build.0 = Debug|Any CPU
		{4D544C33-D2B9-451A-9CFA-B7F58A208D4E}.Release|Any CPU.ActiveCfg = Release|Any CPU
		{4D544C33-D2B9-451A-9CFA-B7F58A208D4E}.Release|Any CPU.Build.0 = Release|Any CPU
	EndGlobalSection
	GlobalSection(SolutionProperties) = preSolution
		HideSolutionNode = FALSE
	EndGlobalSection
	GlobalSection(ExtensibilityGlobals) = postSolution
		SolutionGuid = {28F21C93-EB81-4701-887A-EBDF472C911C}
	EndGlobalSection
EndGlobal
